// !$*UTF8*$!
{
	archiveVersion = 1;
	classes = {
	};
	objectVersion = 46;
	objects = {

/* Begin PBXBuildFile section */
		2E055A6518DF60D60029D98B /* Foundation.framework in Frameworks */ = {isa = PBXBuildFile; fileRef = 2E055A6418DF60D60029D98B /* Foundation.framework */; };
		2E055A6718DF60D60029D98B /* CoreGraphics.framework in Frameworks */ = {isa = PBXBuildFile; fileRef = 2E055A6618DF60D60029D98B /* CoreGraphics.framework */; };
		2E055A6918DF60D60029D98B /* UIKit.framework in Frameworks */ = {isa = PBXBuildFile; fileRef = 2E055A6818DF60D60029D98B /* UIKit.framework */; };
		2E055A6F18DF60D60029D98B /* InfoPlist.strings in Resources */ = {isa = PBXBuildFile; fileRef = 2E055A6D18DF60D60029D98B /* InfoPlist.strings */; };
		2E055A7118DF60D60029D98B /* main.m in Sources */ = {isa = PBXBuildFile; fileRef = 2E055A7018DF60D60029D98B /* main.m */; };
		2E055A7518DF60D60029D98B /* AppDelegate.m in Sources */ = {isa = PBXBuildFile; fileRef = 2E055A7418DF60D60029D98B /* AppDelegate.m */; };
		2E055A7818DF60D60029D98B /* Main_iPhone.storyboard in Resources */ = {isa = PBXBuildFile; fileRef = 2E055A7618DF60D60029D98B /* Main_iPhone.storyboard */; };
		2E055A7B18DF60D60029D98B /* Main_iPad.storyboard in Resources */ = {isa = PBXBuildFile; fileRef = 2E055A7918DF60D60029D98B /* Main_iPad.storyboard */; };
		2E055A7E18DF60D60029D98B /* ViewController.m in Sources */ = {isa = PBXBuildFile; fileRef = 2E055A7D18DF60D60029D98B /* ViewController.m */; };
		2E055A8018DF60D60029D98B /* Images.xcassets in Resources */ = {isa = PBXBuildFile; fileRef = 2E055A7F18DF60D60029D98B /* Images.xcassets */; };
		2E055A8718DF60D60029D98B /* XCTest.framework in Frameworks */ = {isa = PBXBuildFile; fileRef = 2E055A8618DF60D60029D98B /* XCTest.framework */; };
		2E055A8818DF60D60029D98B /* Foundation.framework in Frameworks */ = {isa = PBXBuildFile; fileRef = 2E055A6418DF60D60029D98B /* Foundation.framework */; };
		2E055A8918DF60D60029D98B /* UIKit.framework in Frameworks */ = {isa = PBXBuildFile; fileRef = 2E055A6818DF60D60029D98B /* UIKit.framework */; };
		2E055A9118DF60D60029D98B /* InfoPlist.strings in Resources */ = {isa = PBXBuildFile; fileRef = 2E055A8F18DF60D60029D98B /* InfoPlist.strings */; };
		2E055A9318DF60D60029D98B /* googleMapsTests.m in Sources */ = {isa = PBXBuildFile; fileRef = 2E055A9218DF60D60029D98B /* googleMapsTests.m */; };
		2E055A9E18DF620C0029D98B /* GoogleMaps.bundle in Resources */ = {isa = PBXBuildFile; fileRef = 2E055A9C18DF620C0029D98B /* GoogleMaps.bundle */; };
		2E055A9F18DF620C0029D98B /* GoogleMaps.framework in Frameworks */ = {isa = PBXBuildFile; fileRef = 2E055A9D18DF620C0029D98B /* GoogleMaps.framework */; };
		2E055AA118DF62450029D98B /* AVFoundation.framework in Frameworks */ = {isa = PBXBuildFile; fileRef = 2E055AA018DF62450029D98B /* AVFoundation.framework */; };
		2E055AA318DF624E0029D98B /* CoreData.framework in Frameworks */ = {isa = PBXBuildFile; fileRef = 2E055AA218DF624E0029D98B /* CoreData.framework */; };
		2E055AA518DF62570029D98B /* CoreLocation.framework in Frameworks */ = {isa = PBXBuildFile; fileRef = 2E055AA418DF62570029D98B /* CoreLocation.framework */; };
		2E055AA718DF62610029D98B /* CoreText.framework in Frameworks */ = {isa = PBXBuildFile; fileRef = 2E055AA618DF62610029D98B /* CoreText.framework */; };
		2E055AA918DF626B0029D98B /* GLKit.framework in Frameworks */ = {isa = PBXBuildFile; fileRef = 2E055AA818DF626B0029D98B /* GLKit.framework */; };
		2E055AAB18DF62730029D98B /* ImageIO.framework in Frameworks */ = {isa = PBXBuildFile; fileRef = 2E055AAA18DF62730029D98B /* ImageIO.framework */; };
		2E055AAD18DF62850029D98B /* libc++.dylib in Frameworks */ = {isa = PBXBuildFile; fileRef = 2E055AAC18DF62850029D98B /* libc++.dylib */; };
		2E055AAF18DF62910029D98B /* libicucore.dylib in Frameworks */ = {isa = PBXBuildFile; fileRef = 2E055AAE18DF62910029D98B /* libicucore.dylib */; };
		2E055AB118DF62990029D98B /* libz.dylib in Frameworks */ = {isa = PBXBuildFile; fileRef = 2E055AB018DF62990029D98B /* libz.dylib */; };
		2E055AB318DF62A20029D98B /* OpenGLES.framework in Frameworks */ = {isa = PBXBuildFile; fileRef = 2E055AB218DF62A20029D98B /* OpenGLES.framework */; };
		2E055AB518DF62AE0029D98B /* QuartzCore.framework in Frameworks */ = {isa = PBXBuildFile; fileRef = 2E055AB418DF62AE0029D98B /* QuartzCore.framework */; };
		2E055AB718DF62BD0029D98B /* SystemConfiguration.framework in Frameworks */ = {isa = PBXBuildFile; fileRef = 2E055AB618DF62BD0029D98B /* SystemConfiguration.framework */; };
		2E055ABA18DF63F80029D98B /* MDDirectionService.m in Sources */ = {isa = PBXBuildFile; fileRef = 2E055AB918DF63F80029D98B /* MDDirectionService.m */; };
		2E055ABC18DF6CAB0029D98B /* newLocation.gpx in Resources */ = {isa = PBXBuildFile; fileRef = 2E055ABB18DF6CAA0029D98B /* newLocation.gpx */; };
		2E055ABF18DF79600029D98B /* Landmark.m in Sources */ = {isa = PBXBuildFile; fileRef = 2E055ABE18DF79600029D98B /* Landmark.m */; };
		2EA2640A18E082490036A3D5 /* MapKit.framework in Frameworks */ = {isa = PBXBuildFile; fileRef = 2EA2640918E082490036A3D5 /* MapKit.framework */; };
/* End PBXBuildFile section */

/* Begin PBXContainerItemProxy section */
		2E055A8A18DF60D60029D98B /* PBXContainerItemProxy */ = {
			isa = PBXContainerItemProxy;
			containerPortal = 2E055A5918DF60D60029D98B /* Project object */;
			proxyType = 1;
			remoteGlobalIDString = 2E055A6018DF60D60029D98B;
			remoteInfo = googleMaps;
		};
/* End PBXContainerItemProxy section */

/* Begin PBXFileReference section */
		2E055A6118DF60D60029D98B /* googleMaps.app */ = {isa = PBXFileReference; explicitFileType = wrapper.application; includeInIndex = 0; path = googleMaps.app; sourceTree = BUILT_PRODUCTS_DIR; };
		2E055A6418DF60D60029D98B /* Foundation.framework */ = {isa = PBXFileReference; lastKnownFileType = wrapper.framework; name = Foundation.framework; path = System/Library/Frameworks/Foundation.framework; sourceTree = SDKROOT; };
		2E055A6618DF60D60029D98B /* CoreGraphics.framework */ = {isa = PBXFileReference; lastKnownFileType = wrapper.framework; name = CoreGraphics.framework; path = System/Library/Frameworks/CoreGraphics.framework; sourceTree = SDKROOT; };
		2E055A6818DF60D60029D98B /* UIKit.framework */ = {isa = PBXFileReference; lastKnownFileType = wrapper.framework; name = UIKit.framework; path = System/Library/Frameworks/UIKit.framework; sourceTree = SDKROOT; };
		2E055A6C18DF60D60029D98B /* googleMaps-Info.plist */ = {isa = PBXFileReference; lastKnownFileType = text.plist.xml; path = "googleMaps-Info.plist"; sourceTree = "<group>"; };
		2E055A6E18DF60D60029D98B /* en */ = {isa = PBXFileReference; lastKnownFileType = text.plist.strings; name = en; path = en.lproj/InfoPlist.strings; sourceTree = "<group>"; };
		2E055A7018DF60D60029D98B /* main.m */ = {isa = PBXFileReference; lastKnownFileType = sourcecode.c.objc; path = main.m; sourceTree = "<group>"; };
		2E055A7218DF60D60029D98B /* googleMaps-Prefix.pch */ = {isa = PBXFileReference; lastKnownFileType = sourcecode.c.h; path = "googleMaps-Prefix.pch"; sourceTree = "<group>"; };
		2E055A7318DF60D60029D98B /* AppDelegate.h */ = {isa = PBXFileReference; lastKnownFileType = sourcecode.c.h; path = AppDelegate.h; sourceTree = "<group>"; };
		2E055A7418DF60D60029D98B /* AppDelegate.m */ = {isa = PBXFileReference; lastKnownFileType = sourcecode.c.objc; path = AppDelegate.m; sourceTree = "<group>"; };
		2E055A7718DF60D60029D98B /* Base */ = {isa = PBXFileReference; lastKnownFileType = file.storyboard; name = Base; path = Base.lproj/Main_iPhone.storyboard; sourceTree = "<group>"; };
		2E055A7A18DF60D60029D98B /* Base */ = {isa = PBXFileReference; lastKnownFileType = file.storyboard; name = Base; path = Base.lproj/Main_iPad.storyboard; sourceTree = "<group>"; };
		2E055A7C18DF60D60029D98B /* ViewController.h */ = {isa = PBXFileReference; lastKnownFileType = sourcecode.c.h; path = ViewController.h; sourceTree = "<group>"; };
		2E055A7D18DF60D60029D98B /* ViewController.m */ = {isa = PBXFileReference; lastKnownFileType = sourcecode.c.objc; path = ViewController.m; sourceTree = "<group>"; };
		2E055A7F18DF60D60029D98B /* Images.xcassets */ = {isa = PBXFileReference; lastKnownFileType = folder.assetcatalog; path = Images.xcassets; sourceTree = "<group>"; };
		2E055A8518DF60D60029D98B /* googleMapsTests.xctest */ = {isa = PBXFileReference; explicitFileType = wrapper.cfbundle; includeInIndex = 0; path = googleMapsTests.xctest; sourceTree = BUILT_PRODUCTS_DIR; };
		2E055A8618DF60D60029D98B /* XCTest.framework */ = {isa = PBXFileReference; lastKnownFileType = wrapper.framework; name = XCTest.framework; path = Library/Frameworks/XCTest.framework; sourceTree = DEVELOPER_DIR; };
		2E055A8E18DF60D60029D98B /* googleMapsTests-Info.plist */ = {isa = PBXFileReference; lastKnownFileType = text.plist.xml; path = "googleMapsTests-Info.plist"; sourceTree = "<group>"; };
		2E055A9018DF60D60029D98B /* en */ = {isa = PBXFileReference; lastKnownFileType = text.plist.strings; name = en; path = en.lproj/InfoPlist.strings; sourceTree = "<group>"; };
		2E055A9218DF60D60029D98B /* googleMapsTests.m */ = {isa = PBXFileReference; lastKnownFileType = sourcecode.c.objc; path = googleMapsTests.m; sourceTree = "<group>"; };
		2E055A9C18DF620C0029D98B /* GoogleMaps.bundle */ = {isa = PBXFileReference; lastKnownFileType = "wrapper.plug-in"; path = GoogleMaps.bundle; sourceTree = "<group>"; };
		2E055A9D18DF620C0029D98B /* GoogleMaps.framework */ = {isa = PBXFileReference; lastKnownFileType = wrapper.framework; path = GoogleMaps.framework; sourceTree = "<group>"; };
		2E055AA018DF62450029D98B /* AVFoundation.framework */ = {isa = PBXFileReference; lastKnownFileType = wrapper.framework; name = AVFoundation.framework; path = System/Library/Frameworks/AVFoundation.framework; sourceTree = SDKROOT; };
		2E055AA218DF624E0029D98B /* CoreData.framework */ = {isa = PBXFileReference; lastKnownFileType = wrapper.framework; name = CoreData.framework; path = System/Library/Frameworks/CoreData.framework; sourceTree = SDKROOT; };
		2E055AA418DF62570029D98B /* CoreLocation.framework */ = {isa = PBXFileReference; lastKnownFileType = wrapper.framework; name = CoreLocation.framework; path = System/Library/Frameworks/CoreLocation.framework; sourceTree = SDKROOT; };
		2E055AA618DF62610029D98B /* CoreText.framework */ = {isa = PBXFileReference; lastKnownFileType = wrapper.framework; name = CoreText.framework; path = System/Library/Frameworks/CoreText.framework; sourceTree = SDKROOT; };
		2E055AA818DF626B0029D98B /* GLKit.framework */ = {isa = PBXFileReference; lastKnownFileType = wrapper.framework; name = GLKit.framework; path = System/Library/Frameworks/GLKit.framework; sourceTree = SDKROOT; };
		2E055AAA18DF62730029D98B /* ImageIO.framework */ = {isa = PBXFileReference; lastKnownFileType = wrapper.framework; name = ImageIO.framework; path = System/Library/Frameworks/ImageIO.framework; sourceTree = SDKROOT; };
		2E055AAC18DF62850029D98B /* libc++.dylib */ = {isa = PBXFileReference; lastKnownFileType = "compiled.mach-o.dylib"; name = "libc++.dylib"; path = "usr/lib/libc++.dylib"; sourceTree = SDKROOT; };
		2E055AAE18DF62910029D98B /* libicucore.dylib */ = {isa = PBXFileReference; lastKnownFileType = "compiled.mach-o.dylib"; name = libicucore.dylib; path = usr/lib/libicucore.dylib; sourceTree = SDKROOT; };
		2E055AB018DF62990029D98B /* libz.dylib */ = {isa = PBXFileReference; lastKnownFileType = "compiled.mach-o.dylib"; name = libz.dylib; path = usr/lib/libz.dylib; sourceTree = SDKROOT; };
		2E055AB218DF62A20029D98B /* OpenGLES.framework */ = {isa = PBXFileReference; lastKnownFileType = wrapper.framework; name = OpenGLES.framework; path = System/Library/Frameworks/OpenGLES.framework; sourceTree = SDKROOT; };
		2E055AB418DF62AE0029D98B /* QuartzCore.framework */ = {isa = PBXFileReference; lastKnownFileType = wrapper.framework; name = QuartzCore.framework; path = System/Library/Frameworks/QuartzCore.framework; sourceTree = SDKROOT; };
		2E055AB618DF62BD0029D98B /* SystemConfiguration.framework */ = {isa = PBXFileReference; lastKnownFileType = wrapper.framework; name = SystemConfiguration.framework; path = System/Library/Frameworks/SystemConfiguration.framework; sourceTree = SDKROOT; };
		2E055AB818DF63F80029D98B /* MDDirectionService.h */ = {isa = PBXFileReference; fileEncoding = 4; lastKnownFileType = sourcecode.c.h; path = MDDirectionService.h; sourceTree = "<group>"; };
		2E055AB918DF63F80029D98B /* MDDirectionService.m */ = {isa = PBXFileReference; fileEncoding = 4; lastKnownFileType = sourcecode.c.objc; path = MDDirectionService.m; sourceTree = "<group>"; };
		2E055ABB18DF6CAA0029D98B /* newLocation.gpx */ = {isa = PBXFileReference; fileEncoding = 4; lastKnownFileType = text.xml; path = newLocation.gpx; sourceTree = "<group>"; };
		2E055ABD18DF79600029D98B /* Landmark.h */ = {isa = PBXFileReference; fileEncoding = 4; lastKnownFileType = sourcecode.c.h; path = Landmark.h; sourceTree = "<group>"; };
		2E055ABE18DF79600029D98B /* Landmark.m */ = {isa = PBXFileReference; fileEncoding = 4; lastKnownFileType = sourcecode.c.objc; path = Landmark.m; sourceTree = "<group>"; };
		2EA2640918E082490036A3D5 /* MapKit.framework */ = {isa = PBXFileReference; lastKnownFileType = wrapper.framework; name = MapKit.framework; path = System/Library/Frameworks/MapKit.framework; sourceTree = SDKROOT; };
/* End PBXFileReference section */

/* Begin PBXFrameworksBuildPhase section */
		2E055A5E18DF60D60029D98B /* Frameworks */ = {
			isa = PBXFrameworksBuildPhase;
			buildActionMask = 2147483647;
			files = (
				2EA2640A18E082490036A3D5 /* MapKit.framework in Frameworks */,
				2E055AB718DF62BD0029D98B /* SystemConfiguration.framework in Frameworks */,
				2E055AB518DF62AE0029D98B /* QuartzCore.framework in Frameworks */,
				2E055AB318DF62A20029D98B /* OpenGLES.framework in Frameworks */,
				2E055AB118DF62990029D98B /* libz.dylib in Frameworks */,
				2E055AAF18DF62910029D98B /* libicucore.dylib in Frameworks */,
				2E055AAD18DF62850029D98B /* libc++.dylib in Frameworks */,
				2E055AAB18DF62730029D98B /* ImageIO.framework in Frameworks */,
				2E055AA918DF626B0029D98B /* GLKit.framework in Frameworks */,
				2E055AA718DF62610029D98B /* CoreText.framework in Frameworks */,
				2E055AA518DF62570029D98B /* CoreLocation.framework in Frameworks */,
				2E055AA318DF624E0029D98B /* CoreData.framework in Frameworks */,
				2E055AA118DF62450029D98B /* AVFoundation.framework in Frameworks */,
				2E055A6718DF60D60029D98B /* CoreGraphics.framework in Frameworks */,
				2E055A6918DF60D60029D98B /* UIKit.framework in Frameworks */,
				2E055A9F18DF620C0029D98B /* GoogleMaps.framework in Frameworks */,
				2E055A6518DF60D60029D98B /* Foundation.framework in Frameworks */,
			);
			runOnlyForDeploymentPostprocessing = 0;
		};
		2E055A8218DF60D60029D98B /* Frameworks */ = {
			isa = PBXFrameworksBuildPhase;
			buildActionMask = 2147483647;
			files = (
				2E055A8718DF60D60029D98B /* XCTest.framework in Frameworks */,
				2E055A8918DF60D60029D98B /* UIKit.framework in Frameworks */,
				2E055A8818DF60D60029D98B /* Foundation.framework in Frameworks */,
			);
			runOnlyForDeploymentPostprocessing = 0;
		};
/* End PBXFrameworksBuildPhase section */

/* Begin PBXGroup section */
		2E055A5818DF60D60029D98B = {
			isa = PBXGroup;
			children = (
				2E055ABB18DF6CAA0029D98B /* newLocation.gpx */,
				2E055A6A18DF60D60029D98B /* googleMaps */,
				2E055A8C18DF60D60029D98B /* googleMapsTests */,
				2E055A6318DF60D60029D98B /* Frameworks */,
				2E055A6218DF60D60029D98B /* Products */,
			);
			sourceTree = "<group>";
		};
		2E055A6218DF60D60029D98B /* Products */ = {
			isa = PBXGroup;
			children = (
				2E055A6118DF60D60029D98B /* googleMaps.app */,
				2E055A8518DF60D60029D98B /* googleMapsTests.xctest */,
			);
			name = Products;
			sourceTree = "<group>";
		};
		2E055A6318DF60D60029D98B /* Frameworks */ = {
			isa = PBXGroup;
			children = (
				2EA2640918E082490036A3D5 /* MapKit.framework */,
				2E055AB618DF62BD0029D98B /* SystemConfiguration.framework */,
				2E055AB418DF62AE0029D98B /* QuartzCore.framework */,
				2E055AB218DF62A20029D98B /* OpenGLES.framework */,
				2E055AB018DF62990029D98B /* libz.dylib */,
				2E055AAE18DF62910029D98B /* libicucore.dylib */,
				2E055AAC18DF62850029D98B /* libc++.dylib */,
				2E055AAA18DF62730029D98B /* ImageIO.framework */,
				2E055AA818DF626B0029D98B /* GLKit.framework */,
				2E055AA618DF62610029D98B /* CoreText.framework */,
				2E055AA418DF62570029D98B /* CoreLocation.framework */,
				2E055AA218DF624E0029D98B /* CoreData.framework */,
				2E055AA018DF62450029D98B /* AVFoundation.framework */,
				2E055A9C18DF620C0029D98B /* GoogleMaps.bundle */,
				2E055A9D18DF620C0029D98B /* GoogleMaps.framework */,
				2E055A6418DF60D60029D98B /* Foundation.framework */,
				2E055A6618DF60D60029D98B /* CoreGraphics.framework */,
				2E055A6818DF60D60029D98B /* UIKit.framework */,
				2E055A8618DF60D60029D98B /* XCTest.framework */,
			);
			name = Frameworks;
			sourceTree = "<group>";
		};
		2E055A6A18DF60D60029D98B /* googleMaps */ = {
			isa = PBXGroup;
			children = (
				2E055A7318DF60D60029D98B /* AppDelegate.h */,
				2E055A7418DF60D60029D98B /* AppDelegate.m */,
				2E055A7618DF60D60029D98B /* Main_iPhone.storyboard */,
				2E055A7918DF60D60029D98B /* Main_iPad.storyboard */,
				2E055A7C18DF60D60029D98B /* ViewController.h */,
				2E055A7D18DF60D60029D98B /* ViewController.m */,
				2E055ABD18DF79600029D98B /* Landmark.h */,
				2E055ABE18DF79600029D98B /* Landmark.m */,
				2E055AB818DF63F80029D98B /* MDDirectionService.h */,
				2E055AB918DF63F80029D98B /* MDDirectionService.m */,
				2E055A7F18DF60D60029D98B /* Images.xcassets */,
				2E055A6B18DF60D60029D98B /* Supporting Files */,
			);
			path = googleMaps;
			sourceTree = "<group>";
		};
		2E055A6B18DF60D60029D98B /* Supporting Files */ = {
			isa = PBXGroup;
			children = (
				2E055A6C18DF60D60029D98B /* googleMaps-Info.plist */,
				2E055A6D18DF60D60029D98B /* InfoPlist.strings */,
				2E055A7018DF60D60029D98B /* main.m */,
				2E055A7218DF60D60029D98B /* googleMaps-Prefix.pch */,
			);
			name = "Supporting Files";
			sourceTree = "<group>";
		};
		2E055A8C18DF60D60029D98B /* googleMapsTests */ = {
			isa = PBXGroup;
			children = (
				2E055A9218DF60D60029D98B /* googleMapsTests.m */,
				2E055A8D18DF60D60029D98B /* Supporting Files */,
			);
			path = googleMapsTests;
			sourceTree = "<group>";
		};
		2E055A8D18DF60D60029D98B /* Supporting Files */ = {
			isa = PBXGroup;
			children = (
				2E055A8E18DF60D60029D98B /* googleMapsTests-Info.plist */,
				2E055A8F18DF60D60029D98B /* InfoPlist.strings */,
			);
			name = "Supporting Files";
			sourceTree = "<group>";
		};
/* End PBXGroup section */

/* Begin PBXNativeTarget section */
		2E055A6018DF60D60029D98B /* googleMaps */ = {
			isa = PBXNativeTarget;
			buildConfigurationList = 2E055A9618DF60D60029D98B /* Build configuration list for PBXNativeTarget "googleMaps" */;
			buildPhases = (
				2E055A5D18DF60D60029D98B /* Sources */,
				2E055A5E18DF60D60029D98B /* Frameworks */,
				2E055A5F18DF60D60029D98B /* Resources */,
			);
			buildRules = (
			);
			dependencies = (
			);
			name = googleMaps;
			productName = googleMaps;
			productReference = 2E055A6118DF60D60029D98B /* googleMaps.app */;
			productType = "com.apple.product-type.application";
		};
		2E055A8418DF60D60029D98B /* googleMapsTests */ = {
			isa = PBXNativeTarget;
			buildConfigurationList = 2E055A9918DF60D60029D98B /* Build configuration list for PBXNativeTarget "googleMapsTests" */;
			buildPhases = (
				2E055A8118DF60D60029D98B /* Sources */,
				2E055A8218DF60D60029D98B /* Frameworks */,
				2E055A8318DF60D60029D98B /* Resources */,
			);
			buildRules = (
			);
			dependencies = (
				2E055A8B18DF60D60029D98B /* PBXTargetDependency */,
			);
			name = googleMapsTests;
			productName = googleMapsTests;
			productReference = 2E055A8518DF60D60029D98B /* googleMapsTests.xctest */;
			productType = "com.apple.product-type.bundle.unit-test";
		};
/* End PBXNativeTarget section */

/* Begin PBXProject section */
		2E055A5918DF60D60029D98B /* Project object */ = {
			isa = PBXProject;
			attributes = {
				LastUpgradeCheck = 0510;
				ORGANIZATIONNAME = "Eric Vennaro";
				TargetAttributes = {
					2E055A8418DF60D60029D98B = {
						TestTargetID = 2E055A6018DF60D60029D98B;
					};
				};
			};
			buildConfigurationList = 2E055A5C18DF60D60029D98B /* Build configuration list for PBXProject "googleMaps" */;
			compatibilityVersion = "Xcode 3.2";
			developmentRegion = English;
			hasScannedForEncodings = 0;
			knownRegions = (
				en,
				Base,
			);
			mainGroup = 2E055A5818DF60D60029D98B;
			productRefGroup = 2E055A6218DF60D60029D98B /* Products */;
			projectDirPath = "";
			projectRoot = "";
			targets = (
				2E055A6018DF60D60029D98B /* googleMaps */,
				2E055A8418DF60D60029D98B /* googleMapsTests */,
			);
		};
/* End PBXProject section */

/* Begin PBXResourcesBuildPhase section */
		2E055A5F18DF60D60029D98B /* Resources */ = {
			isa = PBXResourcesBuildPhase;
			buildActionMask = 2147483647;
			files = (
				2E055A7B18DF60D60029D98B /* Main_iPad.storyboard in Resources */,
				2E055A8018DF60D60029D98B /* Images.xcassets in Resources */,
				2E055A7818DF60D60029D98B /* Main_iPhone.storyboard in Resources */,
				2E055ABC18DF6CAB0029D98B /* newLocation.gpx in Resources */,
				2E055A6F18DF60D60029D98B /* InfoPlist.strings in Resources */,
				2E055A9E18DF620C0029D98B /* GoogleMaps.bundle in Resources */,
			);
			runOnlyForDeploymentPostprocessing = 0;
		};
		2E055A8318DF60D60029D98B /* Resources */ = {
			isa = PBXResourcesBuildPhase;
			buildActionMask = 2147483647;
			files = (
				2E055A9118DF60D60029D98B /* InfoPlist.strings in Resources */,
			);
			runOnlyForDeploymentPostprocessing = 0;
		};
/* End PBXResourcesBuildPhase section */

/* Begin PBXSourcesBuildPhase section */
		2E055A5D18DF60D60029D98B /* Sources */ = {
			isa = PBXSourcesBuildPhase;
			buildActionMask = 2147483647;
			files = (
				2E055ABF18DF79600029D98B /* Landmark.m in Sources */,
				2E055A7E18DF60D60029D98B /* ViewController.m in Sources */,
				2E055A7518DF60D60029D98B /* AppDelegate.m in Sources */,
				2E055ABA18DF63F80029D98B /* MDDirectionService.m in Sources */,
				2E055A7118DF60D60029D98B /* main.m in Sources */,
			);
			runOnlyForDeploymentPostprocessing = 0;
		};
		2E055A8118DF60D60029D98B /* Sources */ = {
			isa = PBXSourcesBuildPhase;
			buildActionMask = 2147483647;
			files = (
				2E055A9318DF60D60029D98B /* googleMapsTests.m in Sources */,
			);
			runOnlyForDeploymentPostprocessing = 0;
		};
/* End PBXSourcesBuildPhase section */

/* Begin PBXTargetDependency section */
		2E055A8B18DF60D60029D98B /* PBXTargetDependency */ = {
			isa = PBXTargetDependency;
			target = 2E055A6018DF60D60029D98B /* googleMaps */;
			targetProxy = 2E055A8A18DF60D60029D98B /* PBXContainerItemProxy */;
		};
/* End PBXTargetDependency section */

/* Begin PBXVariantGroup section */
		2E055A6D18DF60D60029D98B /* InfoPlist.strings */ = {
			isa = PBXVariantGroup;
			children = (
				2E055A6E18DF60D60029D98B /* en */,
			);
			name = InfoPlist.strings;
			sourceTree = "<group>";
		};
		2E055A7618DF60D60029D98B /* Main_iPhone.storyboard */ = {
			isa = PBXVariantGroup;
			children = (
				2E055A7718DF60D60029D98B /* Base */,
			);
			name = Main_iPhone.storyboard;
			sourceTree = "<group>";
		};
		2E055A7918DF60D60029D98B /* Main_iPad.storyboard */ = {
			isa = PBXVariantGroup;
			children = (
				2E055A7A18DF60D60029D98B /* Base */,
			);
			name = Main_iPad.storyboard;
			sourceTree = "<group>";
		};
		2E055A8F18DF60D60029D98B /* InfoPlist.strings */ = {
			isa = PBXVariantGroup;
			children = (
				2E055A9018DF60D60029D98B /* en */,
			);
			name = InfoPlist.strings;
			sourceTree = "<group>";
		};
/* End PBXVariantGroup section */

/* Begin XCBuildConfiguration section */
		2E055A9418DF60D60029D98B /* Debug */ = {
			isa = XCBuildConfiguration;
			buildSettings = {
				ALWAYS_SEARCH_USER_PATHS = NO;
				CLANG_CXX_LANGUAGE_STANDARD = "gnu++0x";
				CLANG_CXX_LIBRARY = "libc++";
				CLANG_ENABLE_MODULES = YES;
				CLANG_ENABLE_OBJC_ARC = YES;
				CLANG_WARN_BOOL_CONVERSION = YES;
				CLANG_WARN_CONSTANT_CONVERSION = YES;
				CLANG_WARN_DIRECT_OBJC_ISA_USAGE = YES_ERROR;
				CLANG_WARN_EMPTY_BODY = YES;
				CLANG_WARN_ENUM_CONVERSION = YES;
				CLANG_WARN_INT_CONVERSION = YES;
				CLANG_WARN_OBJC_ROOT_CLASS = YES_ERROR;
				CLANG_WARN__DUPLICATE_METHOD_MATCH = YES;
				"CODE_SIGN_IDENTITY[sdk=iphoneos*]" = "iPhone Developer";
				COPY_PHASE_STRIP = NO;
				GCC_C_LANGUAGE_STANDARD = gnu99;
				GCC_DYNAMIC_NO_PIC = NO;
				GCC_OPTIMIZATION_LEVEL = 0;
				GCC_PREPROCESSOR_DEFINITIONS = (
					"DEBUG=1",
					"$(inherited)",
				);
				GCC_SYMBOLS_PRIVATE_EXTERN = NO;
				GCC_WARN_64_TO_32_BIT_CONVERSION = YES;
				GCC_WARN_ABOUT_RETURN_TYPE = YES_ERROR;
				GCC_WARN_UNDECLARED_SELECTOR = YES;
				GCC_WARN_UNINITIALIZED_AUTOS = YES_AGGRESSIVE;
				GCC_WARN_UNUSED_FUNCTION = YES;
				GCC_WARN_UNUSED_VARIABLE = YES;
				IPHONEOS_DEPLOYMENT_TARGET = 7.1;
				ONLY_ACTIVE_ARCH = YES;
				SDKROOT = iphoneos;
				TARGETED_DEVICE_FAMILY = "1,2";
			};
			name = Debug;
		};
		2E055A9518DF60D60029D98B /* Release */ = {
			isa = XCBuildConfiguration;
			buildSettings = {
				ALWAYS_SEARCH_USER_PATHS = NO;
				CLANG_CXX_LANGUAGE_STANDARD = "gnu++0x";
				CLANG_CXX_LIBRARY = "libc++";
				CLANG_ENABLE_MODULES = YES;
				CLANG_ENABLE_OBJC_ARC = YES;
				CLANG_WARN_BOOL_CONVERSION = YES;
				CLANG_WARN_CONSTANT_CONVERSION = YES;
				CLANG_WARN_DIRECT_OBJC_ISA_USAGE = YES_ERROR;
				CLANG_WARN_EMPTY_BODY = YES;
				CLANG_WARN_ENUM_CONVERSION = YES;
				CLANG_WARN_INT_CONVERSION = YES;
				CLANG_WARN_OBJC_ROOT_CLASS = YES_ERROR;
				CLANG_WARN__DUPLICATE_METHOD_MATCH = YES;
				"CODE_SIGN_IDENTITY[sdk=iphoneos*]" = "iPhone Developer";
				COPY_PHASE_STRIP = YES;
				ENABLE_NS_ASSERTIONS = NO;
				GCC_C_LANGUAGE_STANDARD = gnu99;
				GCC_WARN_64_TO_32_BIT_CONVERSION = YES;
				GCC_WARN_ABOUT_RETURN_TYPE = YES_ERROR;
				GCC_WARN_UNDECLARED_SELECTOR = YES;
				GCC_WARN_UNINITIALIZED_AUTOS = YES_AGGRESSIVE;
				GCC_WARN_UNUSED_FUNCTION = YES;
				GCC_WARN_UNUSED_VARIABLE = YES;
				IPHONEOS_DEPLOYMENT_TARGET = 7.1;
				SDKROOT = iphoneos;
				TARGETED_DEVICE_FAMILY = "1,2";
				VALIDATE_PRODUCT = YES;
			};
			name = Release;
		};
		2E055A9718DF60D60029D98B /* Debug */ = {
			isa = XCBuildConfiguration;
			buildSettings = {
				ASSETCATALOG_COMPILER_APPICON_NAME = AppIcon;
				ASSETCATALOG_COMPILER_LAUNCHIMAGE_NAME = LaunchImage;
				FRAMEWORK_SEARCH_PATHS = (
					"$(inherited)",
					"$(PROJECT_DIR)",
				);
				GCC_PRECOMPILE_PREFIX_HEADER = YES;
				GCC_PREFIX_HEADER = "googleMaps/googleMaps-Prefix.pch";
				INFOPLIST_FILE = "googleMaps/googleMaps-Info.plist";
				"OTHER_LDFLAGS[arch=*]" = "-ObjC";
				PRODUCT_NAME = "$(TARGET_NAME)";
				WRAPPER_EXTENSION = app;
			};
			name = Debug;
		};
		2E055A9818DF60D60029D98B /* Release */ = {
			isa = XCBuildConfiguration;
			buildSettings = {
				ASSETCATALOG_COMPILER_APPICON_NAME = AppIcon;
				ASSETCATALOG_COMPILER_LAUNCHIMAGE_NAME = LaunchImage;
				FRAMEWORK_SEARCH_PATHS = (
					"$(inherited)",
					"$(PROJECT_DIR)",
				);
				GCC_PRECOMPILE_PREFIX_HEADER = YES;
				GCC_PREFIX_HEADER = "googleMaps/googleMaps-Prefix.pch";
				INFOPLIST_FILE = "googleMaps/googleMaps-Info.plist";
				PRODUCT_NAME = "$(TARGET_NAME)";
				WRAPPER_EXTENSION = app;
			};
			name = Release;
		};
		2E055A9A18DF60D60029D98B /* Debug */ = {
			isa = XCBuildConfiguration;
			buildSettings = {
				BUNDLE_LOADER = "$(BUILT_PRODUCTS_DIR)/googleMaps.app/googleMaps";
				FRAMEWORK_SEARCH_PATHS = (
					"$(SDKROOT)/Developer/Library/Frameworks",
					"$(inherited)",
					"$(DEVELOPER_FRAMEWORKS_DIR)",
				);
				GCC_PRECOMPILE_PREFIX_HEADER = YES;
				GCC_PREFIX_HEADER = "googleMaps/googleMaps-Prefix.pch";
				GCC_PREPROCESSOR_DEFINITIONS = (
					"DEBUG=1",
					"$(inherited)",
				);
				INFOPLIST_FILE = "googleMapsTests/googleMapsTests-Info.plist";
				PRODUCT_NAME = "$(TARGET_NAME)";
				TEST_HOST = "$(BUNDLE_LOADER)";
				WRAPPER_EXTENSION = xctest;
			};
			name = Debug;
		};
		2E055A9B18DF60D60029D98B /* Release */ = {
			isa = XCBuildConfiguration;
			buildSettings = {
				BUNDLE_LOADER = "$(BUILT_PRODUCTS_DIR)/googleMaps.app/googleMaps";
				FRAMEWORK_SEARCH_PATHS = (
					"$(SDKROOT)/Developer/Library/Frameworks",
					"$(inherited)",
					"$(DEVELOPER_FRAMEWORKS_DIR)",
				);
				GCC_PRECOMPILE_PREFIX_HEADER = YES;
				GCC_PREFIX_HEADER = "googleMaps/googleMaps-Prefix.pch";
				INFOPLIST_FILE = "googleMapsTests/googleMapsTests-Info.plist";
				PRODUCT_NAME = "$(TARGET_NAME)";
				TEST_HOST = "$(BUNDLE_LOADER)";
				WRAPPER_EXTENSION = xctest;
			};
			name = Release;
		};
/* End XCBuildConfiguration section */

/* Begin XCConfigurationList section */
		2E055A5C18DF60D60029D98B /* Build configuration list for PBXProject "googleMaps" */ = {
			isa = XCConfigurationList;
			buildConfigurations = (
				2E055A9418DF60D60029D98B /* Debug */,
				2E055A9518DF60D60029D98B /* Release */,
			);
			defaultConfigurationIsVisible = 0;
			defaultConfigurationName = Release;
		};
		2E055A9618DF60D60029D98B /* Build configuration list for PBXNativeTarget "googleMaps" */ = {
			isa = XCConfigurationList;
			buildConfigurations = (
				2E055A9718DF60D60029D98B /* Debug */,
				2E055A9818DF60D60029D98B /* Release */,
			);
			defaultConfigurationIsVisible = 0;
			defaultConfigurationName = Release;
		};
		2E055A9918DF60D60029D98B /* Build configuration list for PBXNativeTarget "googleMapsTests" */ = {
			isa = XCConfigurationList;
			buildConfigurations = (
				2E055A9A18DF60D60029D98B /* Debug */,
				2E055A9B18DF60D60029D98B /* Release */,
			);
			defaultConfigurationIsVisible = 0;
			defaultConfigurationName = Release;
		};
/* End XCConfigurationList section */
	};
	rootObject = 2E055A5918DF60D60029D98B /* Project object */;
}
